
Microsoft Visual Studio Solution File, Format Version 12.00
# Visual Studio 15
VisualStudioVersion = 15.0.26403.7
MinimumVisualStudioVersion = 10.0.40219.1
Project("{FAE04EC0-301F-11D3-BF4B-00C04F79EFBC}") = "Auditoria", "Auditoria\Auditoria.csproj", "{564B6B8F-FF51-475D-A6DB-91658EB06FA6}"
EndProject
Global
	GlobalSection(SolutionConfigurationPlatforms) = preSolution
		Debug|Any CPU = Debug|Any CPU
		Release|Any CPU = Release|Any CPU
	EndGlobalSection
	GlobalSection(ProjectConfigurationPlatforms) = postSolution
		{564B6B8F-FF51-475D-A6DB-91658EB06FA6}.Debug|Any CPU.ActiveCfg = Debug|Any CPU
		{564B6B8F-FF51-475D-A6DB-91658EB06FA6}.Debug|Any CPU.Build.0 = Debug|Any CPU
		{564B6B8F-FF51-475D-A6DB-91658EB06FA6}.Release|Any CPU.ActiveCfg = Release|Any CPU
		{564B6B8F-FF51-475D-A6DB-91658EB06FA6}.Release|Any CPU.Build.0 = Release|Any CPU
	EndGlobalSection
	GlobalSection(SolutionProperties) = preSolution
		HideSolutionNode = FALSE
	EndGlobalSection
EndGlobal
